
Microsoft Visual Studio Solution File, Format Version 12.00
# Visual Studio 15
VisualStudioVersion = 15.0.27703.2042
MinimumVisualStudioVersion = 10.0.40219.1
Project("{FAE04EC0-301F-11D3-BF4B-00C04F79EFBC}") = "MvvmCross.Platforms.Wpf.ItemsPresenter.Demo", "MvvmCross.Platforms.Wpf.ItemsViewPresenter\MvvmCross.Platforms.Wpf.ItemsPresenter.Demo.csproj", "{57665F2A-294C-413C-AAC9-3ADC5CBB8EE6}"
EndProject
Project("{9A19103F-16F7-4668-BE54-9A1E7A4F7556}") = "MvvmCross.Platforms.Wpf.ItemsPresenter.Core", "MvvmCross.Platforms.Wpf.ItemsPresenter.Core\MvvmCross.Platforms.Wpf.ItemsPresenter.Core.csproj", "{944D59D6-41BA-483D-917D-D5401EEDF0E2}"
EndProject
Project("{FAE04EC0-301F-11D3-BF4B-00C04F79EFBC}") = "MvvmCross.Platforms.Wpf.ItemsPresenter", "MvvmCross.Platforms.Wpf.ItemsPresenter\MvvmCross.Platforms.Wpf.ItemsPresenter.csproj", "{860E4A4B-0264-4A99-98F0-BA3F4377FF25}"
EndProject
Global
	GlobalSection(SolutionConfigurationPlatforms) = preSolution
		Debug|Any CPU = Debug|Any CPU
		Release|Any CPU = Release|Any CPU
	EndGlobalSection
	GlobalSection(ProjectConfigurationPlatforms) = postSolution
		{57665F2A-294C-413C-AAC9-3ADC5CBB8EE6}.Debug|Any CPU.ActiveCfg = Debug|Any CPU
		{57665F2A-294C-413C-AAC9-3ADC5CBB8EE6}.Debug|Any CPU.Build.0 = Debug|Any CPU
		{57665F2A-294C-413C-AAC9-3ADC5CBB8EE6}.Release|Any CPU.ActiveCfg = Release|Any CPU
		{57665F2A-294C-413C-AAC9-3ADC5CBB8EE6}.Release|Any CPU.Build.0 = Release|Any CPU
		{944D59D6-41BA-483D-917D-D5401EEDF0E2}.Debug|Any CPU.ActiveCfg = Debug|Any CPU
		{944D59D6-41BA-483D-917D-D5401EEDF0E2}.Debug|Any CPU.Build.0 = Debug|Any CPU
		{944D59D6-41BA-483D-917D-D5401EEDF0E2}.Release|Any CPU.ActiveCfg = Release|Any CPU
		{944D59D6-41BA-483D-917D-D5401EEDF0E2}.Release|Any CPU.Build.0 = Release|Any CPU
		{860E4A4B-0264-4A99-98F0-BA3F4377FF25}.Debug|Any CPU.ActiveCfg = Debug|Any CPU
		{860E4A4B-0264-4A99-98F0-BA3F4377FF25}.Debug|Any CPU.Build.0 = Debug|Any CPU
		{860E4A4B-0264-4A99-98F0-BA3F4377FF25}.Release|Any CPU.ActiveCfg = Release|Any CPU
		{860E4A4B-0264-4A99-98F0-BA3F4377FF25}.Release|Any CPU.Build.0 = Release|Any CPU
	EndGlobalSection
	GlobalSection(SolutionProperties) = preSolution
		HideSolutionNode = FALSE
	EndGlobalSection
	GlobalSection(ExtensibilityGlobals) = postSolution
		SolutionGuid = {D4266935-C78F-4C43-BAD5-0298D138C34E}
	EndGlobalSection
EndGlobal
